// !$*UTF8*$!
{
	archiveVersion = 1;
	classes = {
	};
	objectVersion = 50;
	objects = {

/* Begin PBXBuildFile section */
		8A6DB6E523EC205400EEC240 /* AppDelegate.swift in Sources */ = {isa = PBXBuildFile; fileRef = 8A6DB6E423EC205400EEC240 /* AppDelegate.swift */; };
		8A6DB6E723EC205400EEC240 /* art.scnassets in Resources */ = {isa = PBXBuildFile; fileRef = 8A6DB6E623EC205400EEC240 /* art.scnassets */; };
		8A6DB6E923EC205400EEC240 /* GameViewController.swift in Sources */ = {isa = PBXBuildFile; fileRef = 8A6DB6E823EC205400EEC240 /* GameViewController.swift */; };
		8A6DB6EC23EC205400EEC240 /* Main.storyboard in Resources */ = {isa = PBXBuildFile; fileRef = 8A6DB6EA23EC205400EEC240 /* Main.storyboard */; };
		8A6DB6EE23EC205500EEC240 /* Assets.xcassets in Resources */ = {isa = PBXBuildFile; fileRef = 8A6DB6ED23EC205500EEC240 /* Assets.xcassets */; };
		8A6DB6F123EC205500EEC240 /* LaunchScreen.storyboard in Resources */ = {isa = PBXBuildFile; fileRef = 8A6DB6EF23EC205500EEC240 /* LaunchScreen.storyboard */; };
/* End PBXBuildFile section */

/* Begin PBXFileReference section */
		8A6DB6E123EC205400EEC240 /* gameDeneme.app */ = {isa = PBXFileReference; explicitFileType = wrapper.application; includeInIndex = 0; path = gameDeneme.app; sourceTree = BUILT_PRODUCTS_DIR; };
		8A6DB6E423EC205400EEC240 /* AppDelegate.swift */ = {isa = PBXFileReference; lastKnownFileType = sourcecode.swift; path = AppDelegate.swift; sourceTree = "<group>"; };
		8A6DB6E623EC205400EEC240 /* art.scnassets */ = {isa = PBXFileReference; lastKnownFileType = wrapper.scnassets; path = art.scnassets; sourceTree = "<group>"; };
		8A6DB6E823EC205400EEC240 /* GameViewController.swift */ = {isa = PBXFileReference; lastKnownFileType = sourcecode.swift; path = GameViewController.swift; sourceTree = "<group>"; };
		8A6DB6EB23EC205400EEC240 /* Base */ = {isa = PBXFileReference; lastKnownFileType = file.storyboard; name = Base; path = Base.lproj/Main.storyboard; sourceTree = "<group>"; };
		8A6DB6ED23EC205500EEC240 /* Assets.xcassets */ = {isa = PBXFileReference; lastKnownFileType = folder.assetcatalog; path = Assets.xcassets; sourceTree = "<group>"; };
		8A6DB6F023EC205500EEC240 /* Base */ = {isa = PBXFileReference; lastKnownFileType = file.storyboard; name = Base; path = Base.lproj/LaunchScreen.storyboard; sourceTree = "<group>"; };
		8A6DB6F223EC205500EEC240 /* Info.plist */ = {isa = PBXFileReference; lastKnownFileType = text.plist.xml; path = Info.plist; sourceTree = "<group>"; };
/* End PBXFileReference section */

/* Begin PBXFrameworksBuildPhase section */
		8A6DB6DE23EC205300EEC240 /* Frameworks */ = {
			isa = PBXFrameworksBuildPhase;
			buildActionMask = 2147483647;
			files = (
			);
			runOnlyForDeploymentPostprocessing = 0;
		};
/* End PBXFrameworksBuildPhase section */

/* Begin PBXGroup section */
		8A6DB6D823EC205300EEC240 = {
			isa = PBXGroup;
			children = (
				8A6DB6E323EC205400EEC240 /* gameDeneme */,
				8A6DB6E223EC205400EEC240 /* Products */,
			);
			sourceTree = "<group>";
		};
		8A6DB6E223EC205400EEC240 /* Products */ = {
			isa = PBXGroup;
			children = (
				8A6DB6E123EC205400EEC240 /* gameDeneme.app */,
			);
			name = Products;
			sourceTree = "<group>";
		};
		8A6DB6E323EC205400EEC240 /* gameDeneme */ = {
			isa = PBXGroup;
			children = (
				8A6DB6E423EC205400EEC240 /* AppDelegate.swift */,
				8A6DB6E623EC205400EEC240 /* art.scnassets */,
				8A6DB6E823EC205400EEC240 /* GameViewController.swift */,
				8A6DB6EA23EC205400EEC240 /* Main.storyboard */,
				8A6DB6ED23EC205500EEC240 /* Assets.xcassets */,
				8A6DB6EF23EC205500EEC240 /* LaunchScreen.storyboard */,
				8A6DB6F223EC205500EEC240 /* Info.plist */,
			);
			path = gameDeneme;
			sourceTree = "<group>";
		};
/* End PBXGroup section */

/* Begin PBXNativeTarget section */
		8A6DB6E023EC205300EEC240 /* gameDeneme */ = {
			isa = PBXNativeTarget;
			buildConfigurationList = 8A6DB6F523EC205500EEC240 /* Build configuration list for PBXNativeTarget "gameDeneme" */;
			buildPhases = (
				8A6DB6DD23EC205300EEC240 /* Sources */,
				8A6DB6DE23EC205300EEC240 /* Frameworks */,
				8A6DB6DF23EC205300EEC240 /* Resources */,
			);
			buildRules = (
			);
			dependencies = (
			);
			name = gameDeneme;
			productName = gameDeneme;
			productReference = 8A6DB6E123EC205400EEC240 /* gameDeneme.app */;
			productType = "com.apple.product-type.application";
		};
/* End PBXNativeTarget section */

/* Begin PBXProject section */
		8A6DB6D923EC205300EEC240 /* Project object */ = {
			isa = PBXProject;
			attributes = {
				LastSwiftUpdateCheck = 1130;
				LastUpgradeCheck = 1130;
				ORGANIZATIONNAME = "Muhammet Taha Genç";
				TargetAttributes = {
					8A6DB6E023EC205300EEC240 = {
						CreatedOnToolsVersion = 11.3;
					};
				};
			};
			buildConfigurationList = 8A6DB6DC23EC205300EEC240 /* Build configuration list for PBXProject "gameDeneme" */;
			compatibilityVersion = "Xcode 9.3";
			developmentRegion = en;
			hasScannedForEncodings = 0;
			knownRegions = (
				en,
				Base,
			);
			mainGroup = 8A6DB6D823EC205300EEC240;
			productRefGroup = 8A6DB6E223EC205400EEC240 /* Products */;
			projectDirPath = "";
			projectRoot = "";
			targets = (
				8A6DB6E023EC205300EEC240 /* gameDeneme */,
			);
		};
/* End PBXProject section */

/* Begin PBXResourcesBuildPhase section */
		8A6DB6DF23EC205300EEC240 /* Resources */ = {
			isa = PBXResourcesBuildPhase;
			buildActionMask = 2147483647;
			files = (
				8A6DB6E723EC205400EEC240 /* art.scnassets in Resources */,
				8A6DB6F123EC205500EEC240 /* LaunchScreen.storyboard in Resources */,
				8A6DB6EE23EC205500EEC240 /* Assets.xcassets in Resources */,
				8A6DB6EC23EC205400EEC240 /* Main.storyboard in Resources */,
			);
			runOnlyForDeploymentPostprocessing = 0;
		};
/* End PBXResourcesBuildPhase section */

/* Begin PBXSourcesBuildPhase section */
		8A6DB6DD23EC205300EEC240 /* Sources */ = {
			isa = PBXSourcesBuildPhase;
			buildActionMask = 2147483647;
			files = (
				8A6DB6E923EC205400EEC240 /* GameViewController.swift in Sources */,
				8A6DB6E523EC205400EEC240 /* AppDelegate.swift in Sources */,
			);
			runOnlyForDeploymentPostprocessing = 0;
		};
/* End PBXSourcesBuildPhase section */

/* Begin PBXVariantGroup section */
		8A6DB6EA23EC205400EEC240 /* Main.storyboard */ = {
			isa = PBXVariantGroup;
			children = (
				8A6DB6EB23EC205400EEC240 /* Base */,
			);
			name = Main.storyboard;
			sourceTree = "<group>";
		};
		8A6DB6EF23EC205500EEC240 /* LaunchScreen.storyboard */ = {
			isa = PBXVariantGroup;
			children = (
				8A6DB6F023EC205500EEC240 /* Base */,
			);
			name = LaunchScreen.storyboard;
			sourceTree = "<group>";
		};
/* End PBXVariantGroup section */

/* Begin XCBuildConfiguration section */
		8A6DB6F323EC205500EEC240 /* Debug */ = {
			isa = XCBuildConfiguration;
			buildSettings = {
				ALWAYS_SEARCH_USER_PATHS = NO;
				CLANG_ANALYZER_NONNULL = YES;
				CLANG_ANALYZER_NUMBER_OBJECT_CONVERSION = YES_AGGRESSIVE;
				CLANG_CXX_LANGUAGE_STANDARD = "gnu++14";
				CLANG_CXX_LIBRARY = "libc++";
				CLANG_ENABLE_MODULES = YES;
				CLANG_ENABLE_OBJC_ARC = YES;
				CLANG_ENABLE_OBJC_WEAK = YES;
				CLANG_WARN_BLOCK_CAPTURE_AUTORELEASING = YES;
				CLANG_WARN_BOOL_CONVERSION = YES;
				CLANG_WARN_COMMA = YES;
				CLANG_WARN_CONSTANT_CONVERSION = YES;
				CLANG_WARN_DEPRECATED_OBJC_IMPLEMENTATIONS = YES;
				CLANG_WARN_DIRECT_OBJC_ISA_USAGE = YES_ERROR;
				CLANG_WARN_DOCUMENTATION_COMMENTS = YES;
				CLANG_WARN_EMPTY_BODY = YES;
				CLANG_WARN_ENUM_CONVERSION = YES;
				CLANG_WARN_INFINITE_RECURSION = YES;
				CLANG_WARN_INT_CONVERSION = YES;
				CLANG_WARN_NON_LITERAL_NULL_CONVERSION = YES;
				CLANG_WARN_OBJC_IMPLICIT_RETAIN_SELF = YES;
				CLANG_WARN_OBJC_LITERAL_CONVERSION = YES;
				CLANG_WARN_OBJC_ROOT_CLASS = YES_ERROR;
				CLANG_WARN_RANGE_LOOP_ANALYSIS = YES;
				CLANG_WARN_STRICT_PROTOTYPES = YES;
				CLANG_WARN_SUSPICIOUS_MOVE = YES;
				CLANG_WARN_UNGUARDED_AVAILABILITY = YES_AGGRESSIVE;
				CLANG_WARN_UNREACHABLE_CODE = YES;
				CLANG_WARN__DUPLICATE_METHOD_MATCH = YES;
				COPY_PHASE_STRIP = NO;
				DEBUG_INFORMATION_FORMAT = dwarf;
				ENABLE_STRICT_OBJC_MSGSEND = YES;
				ENABLE_TESTABILITY = YES;
				GCC_C_LANGUAGE_STANDARD = gnu11;
				GCC_DYNAMIC_NO_PIC = NO;
				GCC_NO_COMMON_BLOCKS = YES;
				GCC_OPTIMIZATION_LEVEL = 0;
				GCC_PREPROCESSOR_DEFINITIONS = (
					"DEBUG=1",
					"$(inherited)",
				);
				GCC_WARN_64_TO_32_BIT_CONVERSION = YES;
				GCC_WARN_ABOUT_RETURN_TYPE = YES_ERROR;
				GCC_WARN_UNDECLARED_SELECTOR = YES;
				GCC_WARN_UNINITIALIZED_AUTOS = YES_AGGRESSIVE;
				GCC_WARN_UNUSED_FUNCTION = YES;
				GCC_WARN_UNUSED_VARIABLE = YES;
				IPHONEOS_DEPLOYMENT_TARGET = 13.2;
				MTL_ENABLE_DEBUG_INFO = INCLUDE_SOURCE;
				MTL_FAST_MATH = YES;
				ONLY_ACTIVE_ARCH = YES;
				SDKROOT = iphoneos;
				SWIFT_ACTIVE_COMPILATION_CONDITIONS = DEBUG;
				SWIFT_OPTIMIZATION_LEVEL = "-Onone";
			};
			name = Debug;
		};
		8A6DB6F423EC205500EEC240 /* Release */ = {
			isa = XCBuildConfiguration;
			buildSettings = {
				ALWAYS_SEARCH_USER_PATHS = NO;
				CLANG_ANALYZER_NONNULL = YES;
				CLANG_ANALYZER_NUMBER_OBJECT_CONVERSION = YES_AGGRESSIVE;
				CLANG_CXX_LANGUAGE_STANDARD = "gnu++14";
				CLANG_CXX_LIBRARY = "libc++";
				CLANG_ENABLE_MODULES = YES;
				CLANG_ENABLE_OBJC_ARC = YES;
				CLANG_ENABLE_OBJC_WEAK = YES;
				CLANG_WARN_BLOCK_CAPTURE_AUTORELEASING = YES;
				CLANG_WARN_BOOL_CONVERSION = YES;
				CLANG_WARN_COMMA = YES;
				CLANG_WARN_CONSTANT_CONVERSION = YES;
				CLANG_WARN_DEPRECATED_OBJC_IMPLEMENTATIONS = YES;
				CLANG_WARN_DIRECT_OBJC_ISA_USAGE = YES_ERROR;
				CLANG_WARN_DOCUMENTATION_COMMENTS = YES;
				CLANG_WARN_EMPTY_BODY = YES;
				CLANG_WARN_ENUM_CONVERSION = YES;
				CLANG_WARN_INFINITE_RECURSION = YES;
				CLANG_WARN_INT_CONVERSION = YES;
				CLANG_WARN_NON_LITERAL_NULL_CONVERSION = YES;
				CLANG_WARN_OBJC_IMPLICIT_RETAIN_SELF = YES;
				CLANG_WARN_OBJC_LITERAL_CONVERSION = YES;
				CLANG_WARN_OBJC_ROOT_CLASS = YES_ERROR;
				CLANG_WARN_RANGE_LOOP_ANALYSIS = YES;
				CLANG_WARN_STRICT_PROTOTYPES = YES;
				CLANG_WARN_SUSPICIOUS_MOVE = YES;
				CLANG_WARN_UNGUARDED_AVAILABILITY = YES_AGGRESSIVE;
				CLANG_WARN_UNREACHABLE_CODE = YES;
				CLANG_WARN__DUPLICATE_METHOD_MATCH = YES;
				COPY_PHASE_STRIP = NO;
				DEBUG_INFORMATION_FORMAT = "dwarf-with-dsym";
				ENABLE_NS_ASSERTIONS = NO;
				ENABLE_STRICT_OBJC_MSGSEND = YES;
				GCC_C_LANGUAGE_STANDARD = gnu11;
				GCC_NO_COMMON_BLOCKS = YES;
				GCC_WARN_64_TO_32_BIT_CONVERSION = YES;
				GCC_WARN_ABOUT_RETURN_TYPE = YES_ERROR;
				GCC_WARN_UNDECLARED_SELECTOR = YES;
				GCC_WARN_UNINITIALIZED_AUTOS = YES_AGGRESSIVE;
				GCC_WARN_UNUSED_FUNCTION = YES;
				GCC_WARN_UNUSED_VARIABLE = YES;
				IPHONEOS_DEPLOYMENT_TARGET = 13.2;
				MTL_ENABLE_DEBUG_INFO = NO;
				MTL_FAST_MATH = YES;
				SDKROOT = iphoneos;
				SWIFT_COMPILATION_MODE = wholemodule;
				SWIFT_OPTIMIZATION_LEVEL = "-O";
				VALIDATE_PRODUCT = YES;
			};
			name = Release;
		};
		8A6DB6F623EC205500EEC240 /* Debug */ = {
			isa = XCBuildConfiguration;
			buildSettings = {
				ASSETCATALOG_COMPILER_APPICON_NAME = AppIcon;
				CODE_SIGN_STYLE = Automatic;
				DEVELOPMENT_TEAM = JZ8X5DE42Y;
				INFOPLIST_FILE = gameDeneme/Info.plist;
				LD_RUNPATH_SEARCH_PATHS = (
					"$(inherited)",
					"@executable_path/Frameworks",
				);
				PRODUCT_BUNDLE_IDENTIFIER = com.muhammetTahaGenc.gameDeneme;
				PRODUCT_NAME = "$(TARGET_NAME)";
				SWIFT_VERSION = 5.0;
				TARGETED_DEVICE_FAMILY = "1,2";
			};
			name = Debug;
		};
		8A6DB6F723EC205500EEC240 /* Release */ = {
			isa = XCBuildConfiguration;
			buildSettings = {
				ASSETCATALOG_COMPILER_APPICON_NAME = AppIcon;
				CODE_SIGN_STYLE = Automatic;
				DEVELOPMENT_TEAM = JZ8X5DE42Y;
				INFOPLIST_FILE = gameDeneme/Info.plist;
				LD_RUNPATH_SEARCH_PATHS = (
					"$(inherited)",
					"@executable_path/Frameworks",
				);
				PRODUCT_BUNDLE_IDENTIFIER = com.muhammetTahaGenc.gameDeneme;
				PRODUCT_NAME = "$(TARGET_NAME)";
				SWIFT_VERSION = 5.0;
				TARGETED_DEVICE_FAMILY = "1,2";
			};
			name = Release;
		};
/* End XCBuildConfiguration section */

/* Begin XCConfigurationList section */
		8A6DB6DC23EC205300EEC240 /* Build configuration list for PBXProject "gameDeneme" */ = {
			isa = XCConfigurationList;
			buildConfigurations = (
				8A6DB6F323EC205500EEC240 /* Debug */,
				8A6DB6F423EC205500EEC240 /* Release */,
			);
			defaultConfigurationIsVisible = 0;
			defaultConfigurationName = Release;
		};
		8A6DB6F523EC205500EEC240 /* Build configuration list for PBXNativeTarget "gameDeneme" */ = {
			isa = XCConfigurationList;
			buildConfigurations = (
				8A6DB6F623EC205500EEC240 /* Debug */,
				8A6DB6F723EC205500EEC240 /* Release */,
			);
			defaultConfigurationIsVisible = 0;
			defaultConfigurationName = Release;
		};
/* End XCConfigurationList section */
	};
	rootObject = 8A6DB6D923EC205300EEC240 /* Project object */;
}
