// !$*UTF8*$!
{
	archiveVersion = 1;
	classes = {
	};
	objectVersion = 51;
	objects = {

/* Begin PBXBuildFile section */
		8A3D16982413A76B00A46FD9 /* ExerciseModel.swift in Sources */ = {isa = PBXBuildFile; fileRef = 8A3D16972413A76B00A46FD9 /* ExerciseModel.swift */; };
		8A6DB6E523EC205400EEC240 /* AppDelegate.swift in Sources */ = {isa = PBXBuildFile; fileRef = 8A6DB6E423EC205400EEC240 /* AppDelegate.swift */; };
		8A6DB6E723EC205400EEC240 /* art.scnassets in Resources */ = {isa = PBXBuildFile; fileRef = 8A6DB6E623EC205400EEC240 /* art.scnassets */; };
		8A6DB6E923EC205400EEC240 /* GameViewController.swift in Sources */ = {isa = PBXBuildFile; fileRef = 8A6DB6E823EC205400EEC240 /* GameViewController.swift */; };
		8A6DB6EC23EC205400EEC240 /* Main.storyboard in Resources */ = {isa = PBXBuildFile; fileRef = 8A6DB6EA23EC205400EEC240 /* Main.storyboard */; };
		8A6DB6F123EC205500EEC240 /* LaunchScreen.storyboard in Resources */ = {isa = PBXBuildFile; fileRef = 8A6DB6EF23EC205500EEC240 /* LaunchScreen.storyboard */; };
		8A86F46124424D470087E255 /* EquipmentTableViewController.swift in Sources */ = {isa = PBXBuildFile; fileRef = 8A86F46024424D470087E255 /* EquipmentTableViewController.swift */; };
		8A8D089D241258BF00AAECF0 /* ExerciseDetailViewController.swift in Sources */ = {isa = PBXBuildFile; fileRef = 8A8D089C241258BF00AAECF0 /* ExerciseDetailViewController.swift */; };
		8AB2FADB24125AA800450510 /* Images.xcassets in Resources */ = {isa = PBXBuildFile; fileRef = 8AB2FADA24125AA800450510 /* Images.xcassets */; };
		8AEE85F5243C922B00F90A25 /* GoogleService-Info.plist in Resources */ = {isa = PBXBuildFile; fileRef = 8AEE85F4243C922B00F90A25 /* GoogleService-Info.plist */; };
		8AF31B9A23FC382200366AA3 /* ExercisesTableViewController.swift in Sources */ = {isa = PBXBuildFile; fileRef = 8AF31B9923FC382200366AA3 /* ExercisesTableViewController.swift */; };
		8AF31B9D23FDC21C00366AA3 /* ExerciseCell.swift in Sources */ = {isa = PBXBuildFile; fileRef = 8AF31B9B23FDC21C00366AA3 /* ExerciseCell.swift */; };
		8AF31B9E23FDC21C00366AA3 /* ExerciseCell.xib in Resources */ = {isa = PBXBuildFile; fileRef = 8AF31B9C23FDC21C00366AA3 /* ExerciseCell.xib */; };
		8AF5AF8323FE698900A326DB /* UIExtension.swift in Sources */ = {isa = PBXBuildFile; fileRef = 8AF5AF8223FE698900A326DB /* UIExtension.swift */; };
		AE066065EA6A33FDA17CB2A6 /* Pods_gameDeneme.framework in Frameworks */ = {isa = PBXBuildFile; fileRef = 7432EF968857045DD0006102 /* Pods_gameDeneme.framework */; };
/* End PBXBuildFile section */

/* Begin PBXFileReference section */
		2230B1DD3257CF9718285295 /* Pods-gameDeneme.release.xcconfig */ = {isa = PBXFileReference; includeInIndex = 1; lastKnownFileType = text.xcconfig; name = "Pods-gameDeneme.release.xcconfig"; path = "Target Support Files/Pods-gameDeneme/Pods-gameDeneme.release.xcconfig"; sourceTree = "<group>"; };
		7432EF968857045DD0006102 /* Pods_gameDeneme.framework */ = {isa = PBXFileReference; explicitFileType = wrapper.framework; includeInIndex = 0; path = Pods_gameDeneme.framework; sourceTree = BUILT_PRODUCTS_DIR; };
		82A25AAB4564FD5D88149C73 /* Pods-gameDeneme.debug.xcconfig */ = {isa = PBXFileReference; includeInIndex = 1; lastKnownFileType = text.xcconfig; name = "Pods-gameDeneme.debug.xcconfig"; path = "Target Support Files/Pods-gameDeneme/Pods-gameDeneme.debug.xcconfig"; sourceTree = "<group>"; };
		8A3D16972413A76B00A46FD9 /* ExerciseModel.swift */ = {isa = PBXFileReference; lastKnownFileType = sourcecode.swift; path = ExerciseModel.swift; sourceTree = "<group>"; };
		8A6DB6E123EC205400EEC240 /* ProperExercise.app */ = {isa = PBXFileReference; explicitFileType = wrapper.application; includeInIndex = 0; path = ProperExercise.app; sourceTree = BUILT_PRODUCTS_DIR; };
		8A6DB6E423EC205400EEC240 /* AppDelegate.swift */ = {isa = PBXFileReference; lastKnownFileType = sourcecode.swift; path = AppDelegate.swift; sourceTree = "<group>"; };
		8A6DB6E623EC205400EEC240 /* art.scnassets */ = {isa = PBXFileReference; lastKnownFileType = wrapper.scnassets; path = art.scnassets; sourceTree = "<group>"; };
		8A6DB6E823EC205400EEC240 /* GameViewController.swift */ = {isa = PBXFileReference; lastKnownFileType = sourcecode.swift; path = GameViewController.swift; sourceTree = "<group>"; };
		8A6DB6EB23EC205400EEC240 /* Base */ = {isa = PBXFileReference; lastKnownFileType = file.storyboard; name = Base; path = Base.lproj/Main.storyboard; sourceTree = "<group>"; };
		8A6DB6F023EC205500EEC240 /* Base */ = {isa = PBXFileReference; lastKnownFileType = file.storyboard; name = Base; path = Base.lproj/LaunchScreen.storyboard; sourceTree = "<group>"; };
		8A6DB6F223EC205500EEC240 /* Info.plist */ = {isa = PBXFileReference; lastKnownFileType = text.plist.xml; path = Info.plist; sourceTree = "<group>"; };
		8A86F46024424D470087E255 /* EquipmentTableViewController.swift */ = {isa = PBXFileReference; lastKnownFileType = sourcecode.swift; path = EquipmentTableViewController.swift; sourceTree = "<group>"; };
		8A8D089C241258BF00AAECF0 /* ExerciseDetailViewController.swift */ = {isa = PBXFileReference; lastKnownFileType = sourcecode.swift; path = ExerciseDetailViewController.swift; sourceTree = "<group>"; };
		8AB2FADA24125AA800450510 /* Images.xcassets */ = {isa = PBXFileReference; lastKnownFileType = folder.assetcatalog; path = Images.xcassets; sourceTree = "<group>"; };
		8AEE85F4243C922B00F90A25 /* GoogleService-Info.plist */ = {isa = PBXFileReference; fileEncoding = 4; lastKnownFileType = text.plist.xml; path = "GoogleService-Info.plist"; sourceTree = "<group>"; };
		8AF31B9923FC382200366AA3 /* ExercisesTableViewController.swift */ = {isa = PBXFileReference; lastKnownFileType = sourcecode.swift; path = ExercisesTableViewController.swift; sourceTree = "<group>"; };
		8AF31B9B23FDC21C00366AA3 /* ExerciseCell.swift */ = {isa = PBXFileReference; lastKnownFileType = sourcecode.swift; path = ExerciseCell.swift; sourceTree = "<group>"; };
		8AF31B9C23FDC21C00366AA3 /* ExerciseCell.xib */ = {isa = PBXFileReference; lastKnownFileType = file.xib; path = ExerciseCell.xib; sourceTree = "<group>"; };
		8AF5AF8223FE698900A326DB /* UIExtension.swift */ = {isa = PBXFileReference; lastKnownFileType = sourcecode.swift; path = UIExtension.swift; sourceTree = "<group>"; };
/* End PBXFileReference section */

/* Begin PBXFrameworksBuildPhase section */
		8A6DB6DE23EC205300EEC240 /* Frameworks */ = {
			isa = PBXFrameworksBuildPhase;
			buildActionMask = 2147483647;
			files = (
				AE066065EA6A33FDA17CB2A6 /* Pods_gameDeneme.framework in Frameworks */,
			);
			runOnlyForDeploymentPostprocessing = 0;
		};
/* End PBXFrameworksBuildPhase section */

/* Begin PBXGroup section */
		426C83CF4B4670109AF115D9 /* Frameworks */ = {
			isa = PBXGroup;
			children = (
				7432EF968857045DD0006102 /* Pods_gameDeneme.framework */,
			);
			name = Frameworks;
			sourceTree = "<group>";
		};
		8A39595B23FA5F27006F31A0 /* Controller */ = {
			isa = PBXGroup;
			children = (
				8A6DB6E823EC205400EEC240 /* GameViewController.swift */,
				8A86F46024424D470087E255 /* EquipmentTableViewController.swift */,
				8AF31B9923FC382200366AA3 /* ExercisesTableViewController.swift */,
				8A8D089C241258BF00AAECF0 /* ExerciseDetailViewController.swift */,
				8AF31B9F23FDC22300366AA3 /* ExerciseCell */,
			);
			path = Controller;
			sourceTree = "<group>";
		};
		8A39595C23FA5F42006F31A0 /* View */ = {
			isa = PBXGroup;
			children = (
				8A6DB6EF23EC205500EEC240 /* LaunchScreen.storyboard */,
				8A6DB6EA23EC205400EEC240 /* Main.storyboard */,
			);
			path = View;
			sourceTree = "<group>";
		};
		8A39595D23FA5F50006F31A0 /* Model */ = {
			isa = PBXGroup;
			children = (
				8A3D16972413A76B00A46FD9 /* ExerciseModel.swift */,
			);
			path = Model;
			sourceTree = "<group>";
		};
		8A39595E23FA5F6E006F31A0 /* Assets */ = {
			isa = PBXGroup;
			children = (
				8AB2FADA24125AA800450510 /* Images.xcassets */,
				8A6DB6E623EC205400EEC240 /* art.scnassets */,
			);
			path = Assets;
			sourceTree = "<group>";
		};
		8A6DB6D823EC205300EEC240 = {
			isa = PBXGroup;
			children = (
				8A6DB6E323EC205400EEC240 /* gameDeneme */,
				8A6DB6E223EC205400EEC240 /* Products */,
				9C80DE516436EB4BA5955ED9 /* Pods */,
				426C83CF4B4670109AF115D9 /* Frameworks */,
			);
			sourceTree = "<group>";
		};
		8A6DB6E223EC205400EEC240 /* Products */ = {
			isa = PBXGroup;
			children = (
				8A6DB6E123EC205400EEC240 /* ProperExercise.app */,
			);
			name = Products;
			sourceTree = "<group>";
		};
		8A6DB6E323EC205400EEC240 /* gameDeneme */ = {
			isa = PBXGroup;
			children = (
				8A6DB6E423EC205400EEC240 /* AppDelegate.swift */,
				8AF5AF8423FE698E00A326DB /* Publics */,
				8A39595D23FA5F50006F31A0 /* Model */,
				8A39595C23FA5F42006F31A0 /* View */,
				8A39595B23FA5F27006F31A0 /* Controller */,
				8A39595E23FA5F6E006F31A0 /* Assets */,
				8A6DB6F223EC205500EEC240 /* Info.plist */,
				8AEE85F4243C922B00F90A25 /* GoogleService-Info.plist */,
			);
			path = gameDeneme;
			sourceTree = "<group>";
		};
		8AF31B9F23FDC22300366AA3 /* ExerciseCell */ = {
			isa = PBXGroup;
			children = (
				8AF31B9B23FDC21C00366AA3 /* ExerciseCell.swift */,
				8AF31B9C23FDC21C00366AA3 /* ExerciseCell.xib */,
			);
			path = ExerciseCell;
			sourceTree = "<group>";
		};
		8AF5AF8423FE698E00A326DB /* Publics */ = {
			isa = PBXGroup;
			children = (
				8AF5AF8223FE698900A326DB /* UIExtension.swift */,
			);
			path = Publics;
			sourceTree = "<group>";
		};
		9C80DE516436EB4BA5955ED9 /* Pods */ = {
			isa = PBXGroup;
			children = (
				82A25AAB4564FD5D88149C73 /* Pods-gameDeneme.debug.xcconfig */,
				2230B1DD3257CF9718285295 /* Pods-gameDeneme.release.xcconfig */,
			);
			path = Pods;
			sourceTree = "<group>";
		};
/* End PBXGroup section */

/* Begin PBXNativeTarget section */
		8A6DB6E023EC205300EEC240 /* gameDeneme */ = {
			isa = PBXNativeTarget;
			buildConfigurationList = 8A6DB6F523EC205500EEC240 /* Build configuration list for PBXNativeTarget "gameDeneme" */;
			buildPhases = (
				A6172F1ABBA341D2F4604FBF /* [CP] Check Pods Manifest.lock */,
				8A6DB6DD23EC205300EEC240 /* Sources */,
				8A6DB6DE23EC205300EEC240 /* Frameworks */,
				8A6DB6DF23EC205300EEC240 /* Resources */,
				5168B0BCA76C95021242FD02 /* [CP] Embed Pods Frameworks */,
			);
			buildRules = (
			);
			dependencies = (
			);
			name = gameDeneme;
			productName = gameDeneme;
			productReference = 8A6DB6E123EC205400EEC240 /* ProperExercise.app */;
			productType = "com.apple.product-type.application";
		};
/* End PBXNativeTarget section */

/* Begin PBXProject section */
		8A6DB6D923EC205300EEC240 /* Project object */ = {
			isa = PBXProject;
			attributes = {
				LastSwiftUpdateCheck = 1130;
				LastUpgradeCheck = 1130;
				ORGANIZATIONNAME = "Muhammet Taha Genç";
				TargetAttributes = {
					8A6DB6E023EC205300EEC240 = {
						CreatedOnToolsVersion = 11.3;
					};
				};
			};
			buildConfigurationList = 8A6DB6DC23EC205300EEC240 /* Build configuration list for PBXProject "gameDeneme" */;
			compatibilityVersion = "Xcode 9.3";
			developmentRegion = en;
			hasScannedForEncodings = 0;
			knownRegions = (
				en,
				Base,
			);
			mainGroup = 8A6DB6D823EC205300EEC240;
			productRefGroup = 8A6DB6E223EC205400EEC240 /* Products */;
			projectDirPath = "";
			projectRoot = "";
			targets = (
				8A6DB6E023EC205300EEC240 /* gameDeneme */,
			);
		};
/* End PBXProject section */

/* Begin PBXResourcesBuildPhase section */
		8A6DB6DF23EC205300EEC240 /* Resources */ = {
			isa = PBXResourcesBuildPhase;
			buildActionMask = 2147483647;
			files = (
				8A6DB6E723EC205400EEC240 /* art.scnassets in Resources */,
				8AB2FADB24125AA800450510 /* Images.xcassets in Resources */,
				8A6DB6F123EC205500EEC240 /* LaunchScreen.storyboard in Resources */,
				8AF31B9E23FDC21C00366AA3 /* ExerciseCell.xib in Resources */,
				8A6DB6EC23EC205400EEC240 /* Main.storyboard in Resources */,
				8AEE85F5243C922B00F90A25 /* GoogleService-Info.plist in Resources */,
			);
			runOnlyForDeploymentPostprocessing = 0;
		};
/* End PBXResourcesBuildPhase section */

/* Begin PBXShellScriptBuildPhase section */
		5168B0BCA76C95021242FD02 /* [CP] Embed Pods Frameworks */ = {
			isa = PBXShellScriptBuildPhase;
			buildActionMask = 2147483647;
			files = (
			);
			inputFileListPaths = (
				"${PODS_ROOT}/Target Support Files/Pods-gameDeneme/Pods-gameDeneme-frameworks-${CONFIGURATION}-input-files.xcfilelist",
			);
			name = "[CP] Embed Pods Frameworks";
			outputFileListPaths = (
				"${PODS_ROOT}/Target Support Files/Pods-gameDeneme/Pods-gameDeneme-frameworks-${CONFIGURATION}-output-files.xcfilelist",
			);
			runOnlyForDeploymentPostprocessing = 0;
			shellPath = /bin/sh;
			shellScript = "\"${PODS_ROOT}/Target Support Files/Pods-gameDeneme/Pods-gameDeneme-frameworks.sh\"\n";
			showEnvVarsInLog = 0;
		};
		A6172F1ABBA341D2F4604FBF /* [CP] Check Pods Manifest.lock */ = {
			isa = PBXShellScriptBuildPhase;
			buildActionMask = 2147483647;
			files = (
			);
			inputFileListPaths = (
			);
			inputPaths = (
				"${PODS_PODFILE_DIR_PATH}/Podfile.lock",
				"${PODS_ROOT}/Manifest.lock",
			);
			name = "[CP] Check Pods Manifest.lock";
			outputFileListPaths = (
			);
			outputPaths = (
				"$(DERIVED_FILE_DIR)/Pods-gameDeneme-checkManifestLockResult.txt",
			);
			runOnlyForDeploymentPostprocessing = 0;
			shellPath = /bin/sh;
			shellScript = "diff \"${PODS_PODFILE_DIR_PATH}/Podfile.lock\" \"${PODS_ROOT}/Manifest.lock\" > /dev/null\nif [ $? != 0 ] ; then\n    # print error to STDERR\n    echo \"error: The sandbox is not in sync with the Podfile.lock. Run 'pod install' or update your CocoaPods installation.\" >&2\n    exit 1\nfi\n# This output is used by Xcode 'outputs' to avoid re-running this script phase.\necho \"SUCCESS\" > \"${SCRIPT_OUTPUT_FILE_0}\"\n";
			showEnvVarsInLog = 0;
		};
/* End PBXShellScriptBuildPhase section */

/* Begin PBXSourcesBuildPhase section */
		8A6DB6DD23EC205300EEC240 /* Sources */ = {
			isa = PBXSourcesBuildPhase;
			buildActionMask = 2147483647;
			files = (
				8A6DB6E923EC205400EEC240 /* GameViewController.swift in Sources */,
				8AF31B9D23FDC21C00366AA3 /* ExerciseCell.swift in Sources */,
				8A6DB6E523EC205400EEC240 /* AppDelegate.swift in Sources */,
				8AF5AF8323FE698900A326DB /* UIExtension.swift in Sources */,
				8A86F46124424D470087E255 /* EquipmentTableViewController.swift in Sources */,
				8A3D16982413A76B00A46FD9 /* ExerciseModel.swift in Sources */,
				8AF31B9A23FC382200366AA3 /* ExercisesTableViewController.swift in Sources */,
				8A8D089D241258BF00AAECF0 /* ExerciseDetailViewController.swift in Sources */,
			);
			runOnlyForDeploymentPostprocessing = 0;
		};
/* End PBXSourcesBuildPhase section */

/* Begin PBXVariantGroup section */
		8A6DB6EA23EC205400EEC240 /* Main.storyboard */ = {
			isa = PBXVariantGroup;
			children = (
				8A6DB6EB23EC205400EEC240 /* Base */,
			);
			name = Main.storyboard;
			sourceTree = "<group>";
		};
		8A6DB6EF23EC205500EEC240 /* LaunchScreen.storyboard */ = {
			isa = PBXVariantGroup;
			children = (
				8A6DB6F023EC205500EEC240 /* Base */,
			);
			name = LaunchScreen.storyboard;
			sourceTree = "<group>";
		};
/* End PBXVariantGroup section */

/* Begin XCBuildConfiguration section */
		8A6DB6F323EC205500EEC240 /* Debug */ = {
			isa = XCBuildConfiguration;
			buildSettings = {
				ALWAYS_SEARCH_USER_PATHS = NO;
				CLANG_ANALYZER_NONNULL = YES;
				CLANG_ANALYZER_NUMBER_OBJECT_CONVERSION = YES_AGGRESSIVE;
				CLANG_CXX_LANGUAGE_STANDARD = "gnu++14";
				CLANG_CXX_LIBRARY = "libc++";
				CLANG_ENABLE_MODULES = YES;
				CLANG_ENABLE_OBJC_ARC = YES;
				CLANG_ENABLE_OBJC_WEAK = YES;
				CLANG_WARN_BLOCK_CAPTURE_AUTORELEASING = YES;
				CLANG_WARN_BOOL_CONVERSION = YES;
				CLANG_WARN_COMMA = YES;
				CLANG_WARN_CONSTANT_CONVERSION = YES;
				CLANG_WARN_DEPRECATED_OBJC_IMPLEMENTATIONS = YES;
				CLANG_WARN_DIRECT_OBJC_ISA_USAGE = YES_ERROR;
				CLANG_WARN_DOCUMENTATION_COMMENTS = YES;
				CLANG_WARN_EMPTY_BODY = YES;
				CLANG_WARN_ENUM_CONVERSION = YES;
				CLANG_WARN_INFINITE_RECURSION = YES;
				CLANG_WARN_INT_CONVERSION = YES;
				CLANG_WARN_NON_LITERAL_NULL_CONVERSION = YES;
				CLANG_WARN_OBJC_IMPLICIT_RETAIN_SELF = YES;
				CLANG_WARN_OBJC_LITERAL_CONVERSION = YES;
				CLANG_WARN_OBJC_ROOT_CLASS = YES_ERROR;
				CLANG_WARN_RANGE_LOOP_ANALYSIS = YES;
				CLANG_WARN_STRICT_PROTOTYPES = YES;
				CLANG_WARN_SUSPICIOUS_MOVE = YES;
				CLANG_WARN_UNGUARDED_AVAILABILITY = YES_AGGRESSIVE;
				CLANG_WARN_UNREACHABLE_CODE = YES;
				CLANG_WARN__DUPLICATE_METHOD_MATCH = YES;
				COPY_PHASE_STRIP = NO;
				DEBUG_INFORMATION_FORMAT = dwarf;
				ENABLE_STRICT_OBJC_MSGSEND = YES;
				ENABLE_TESTABILITY = YES;
				GCC_C_LANGUAGE_STANDARD = gnu11;
				GCC_DYNAMIC_NO_PIC = NO;
				GCC_NO_COMMON_BLOCKS = YES;
				GCC_OPTIMIZATION_LEVEL = 0;
				GCC_PREPROCESSOR_DEFINITIONS = (
					"DEBUG=1",
					"$(inherited)",
				);
				GCC_WARN_64_TO_32_BIT_CONVERSION = YES;
				GCC_WARN_ABOUT_RETURN_TYPE = YES_ERROR;
				GCC_WARN_UNDECLARED_SELECTOR = YES;
				GCC_WARN_UNINITIALIZED_AUTOS = YES_AGGRESSIVE;
				GCC_WARN_UNUSED_FUNCTION = YES;
				GCC_WARN_UNUSED_VARIABLE = YES;
				IPHONEOS_DEPLOYMENT_TARGET = 13.2;
				MTL_ENABLE_DEBUG_INFO = INCLUDE_SOURCE;
				MTL_FAST_MATH = YES;
				ONLY_ACTIVE_ARCH = YES;
				SDKROOT = iphoneos;
				SWIFT_ACTIVE_COMPILATION_CONDITIONS = DEBUG;
				SWIFT_OPTIMIZATION_LEVEL = "-Onone";
			};
			name = Debug;
		};
		8A6DB6F423EC205500EEC240 /* Release */ = {
			isa = XCBuildConfiguration;
			buildSettings = {
				ALWAYS_SEARCH_USER_PATHS = NO;
				CLANG_ANALYZER_NONNULL = YES;
				CLANG_ANALYZER_NUMBER_OBJECT_CONVERSION = YES_AGGRESSIVE;
				CLANG_CXX_LANGUAGE_STANDARD = "gnu++14";
				CLANG_CXX_LIBRARY = "libc++";
				CLANG_ENABLE_MODULES = YES;
				CLANG_ENABLE_OBJC_ARC = YES;
				CLANG_ENABLE_OBJC_WEAK = YES;
				CLANG_WARN_BLOCK_CAPTURE_AUTORELEASING = YES;
				CLANG_WARN_BOOL_CONVERSION = YES;
				CLANG_WARN_COMMA = YES;
				CLANG_WARN_CONSTANT_CONVERSION = YES;
				CLANG_WARN_DEPRECATED_OBJC_IMPLEMENTATIONS = YES;
				CLANG_WARN_DIRECT_OBJC_ISA_USAGE = YES_ERROR;
				CLANG_WARN_DOCUMENTATION_COMMENTS = YES;
				CLANG_WARN_EMPTY_BODY = YES;
				CLANG_WARN_ENUM_CONVERSION = YES;
				CLANG_WARN_INFINITE_RECURSION = YES;
				CLANG_WARN_INT_CONVERSION = YES;
				CLANG_WARN_NON_LITERAL_NULL_CONVERSION = YES;
				CLANG_WARN_OBJC_IMPLICIT_RETAIN_SELF = YES;
				CLANG_WARN_OBJC_LITERAL_CONVERSION = YES;
				CLANG_WARN_OBJC_ROOT_CLASS = YES_ERROR;
				CLANG_WARN_RANGE_LOOP_ANALYSIS = YES;
				CLANG_WARN_STRICT_PROTOTYPES = YES;
				CLANG_WARN_SUSPICIOUS_MOVE = YES;
				CLANG_WARN_UNGUARDED_AVAILABILITY = YES_AGGRESSIVE;
				CLANG_WARN_UNREACHABLE_CODE = YES;
				CLANG_WARN__DUPLICATE_METHOD_MATCH = YES;
				COPY_PHASE_STRIP = NO;
				DEBUG_INFORMATION_FORMAT = "dwarf-with-dsym";
				ENABLE_NS_ASSERTIONS = NO;
				ENABLE_STRICT_OBJC_MSGSEND = YES;
				GCC_C_LANGUAGE_STANDARD = gnu11;
				GCC_NO_COMMON_BLOCKS = YES;
				GCC_WARN_64_TO_32_BIT_CONVERSION = YES;
				GCC_WARN_ABOUT_RETURN_TYPE = YES_ERROR;
				GCC_WARN_UNDECLARED_SELECTOR = YES;
				GCC_WARN_UNINITIALIZED_AUTOS = YES_AGGRESSIVE;
				GCC_WARN_UNUSED_FUNCTION = YES;
				GCC_WARN_UNUSED_VARIABLE = YES;
				IPHONEOS_DEPLOYMENT_TARGET = 13.2;
				MTL_ENABLE_DEBUG_INFO = NO;
				MTL_FAST_MATH = YES;
				SDKROOT = iphoneos;
				SWIFT_COMPILATION_MODE = wholemodule;
				SWIFT_OPTIMIZATION_LEVEL = "-O";
				VALIDATE_PRODUCT = YES;
			};
			name = Release;
		};
		8A6DB6F623EC205500EEC240 /* Debug */ = {
			isa = XCBuildConfiguration;
			baseConfigurationReference = 82A25AAB4564FD5D88149C73 /* Pods-gameDeneme.debug.xcconfig */;
			buildSettings = {
				ASSETCATALOG_COMPILER_APPICON_NAME = AppIcon;
				CODE_SIGN_STYLE = Automatic;
				DEVELOPMENT_TEAM = JZ8X5DE42Y;
				INFOPLIST_FILE = gameDeneme/Info.plist;
				IPHONEOS_DEPLOYMENT_TARGET = 13.2;
				LD_RUNPATH_SEARCH_PATHS = (
					"$(inherited)",
					"@executable_path/Frameworks",
				);
				PRODUCT_BUNDLE_IDENTIFIER = com.muhammetTahaGenc.ProperExercise;
				PRODUCT_NAME = ProperExercise;
				SWIFT_VERSION = 5.0;
				TARGETED_DEVICE_FAMILY = 1;
			};
			name = Debug;
		};
		8A6DB6F723EC205500EEC240 /* Release */ = {
			isa = XCBuildConfiguration;
			baseConfigurationReference = 2230B1DD3257CF9718285295 /* Pods-gameDeneme.release.xcconfig */;
			buildSettings = {
				ASSETCATALOG_COMPILER_APPICON_NAME = AppIcon;
				CODE_SIGN_STYLE = Automatic;
				DEVELOPMENT_TEAM = JZ8X5DE42Y;
				INFOPLIST_FILE = gameDeneme/Info.plist;
				IPHONEOS_DEPLOYMENT_TARGET = 13.2;
				LD_RUNPATH_SEARCH_PATHS = (
					"$(inherited)",
					"@executable_path/Frameworks",
				);
				PRODUCT_BUNDLE_IDENTIFIER = com.muhammetTahaGenc.ProperExercise;
				PRODUCT_NAME = ProperExercise;
				SWIFT_VERSION = 5.0;
				TARGETED_DEVICE_FAMILY = 1;
			};
			name = Release;
		};
/* End XCBuildConfiguration section */

/* Begin XCConfigurationList section */
		8A6DB6DC23EC205300EEC240 /* Build configuration list for PBXProject "gameDeneme" */ = {
			isa = XCConfigurationList;
			buildConfigurations = (
				8A6DB6F323EC205500EEC240 /* Debug */,
				8A6DB6F423EC205500EEC240 /* Release */,
			);
			defaultConfigurationIsVisible = 0;
			defaultConfigurationName = Release;
		};
		8A6DB6F523EC205500EEC240 /* Build configuration list for PBXNativeTarget "gameDeneme" */ = {
			isa = XCConfigurationList;
			buildConfigurations = (
				8A6DB6F623EC205500EEC240 /* Debug */,
				8A6DB6F723EC205500EEC240 /* Release */,
			);
			defaultConfigurationIsVisible = 0;
			defaultConfigurationName = Release;
		};
/* End XCConfigurationList section */
	};
	rootObject = 8A6DB6D923EC205300EEC240 /* Project object */;
}
